// !$*UTF8*$!
{
	archiveVersion = 1;
	classes = {
	};
	objectVersion = 50;
	objects = {

/* Begin PBXBuildFile section */
		FAD3391925E7D60A00F3532F /* MasterViewController.swift in Sources */ = {isa = PBXBuildFile; fileRef = FAD3391825E7D60A00F3532F /* MasterViewController.swift */; };
		FAD3392325E7D8E100F3532F /* WebPage.swift in Sources */ = {isa = PBXBuildFile; fileRef = FAD3392225E7D8E100F3532F /* WebPage.swift */; };
		FAD3392A25E7DC2C00F3532F /* WebPageModel.swift in Sources */ = {isa = PBXBuildFile; fileRef = FAD3392925E7DC2C00F3532F /* WebPageModel.swift */; };
		FAD3393025E823A200F3532F /* DetailViewController.swift in Sources */ = {isa = PBXBuildFile; fileRef = FAD3392E25E823A200F3532F /* DetailViewController.swift */; };
		FAFAC13825E38BC4009C960C /* AppDelegate.swift in Sources */ = {isa = PBXBuildFile; fileRef = FAFAC13725E38BC4009C960C /* AppDelegate.swift */; };
		FAFAC13A25E38BC4009C960C /* SceneDelegate.swift in Sources */ = {isa = PBXBuildFile; fileRef = FAFAC13925E38BC4009C960C /* SceneDelegate.swift */; };
		FAFAC13F25E38BC4009C960C /* Main.storyboard in Resources */ = {isa = PBXBuildFile; fileRef = FAFAC13D25E38BC4009C960C /* Main.storyboard */; };
		FAFAC14125E38BC8009C960C /* Assets.xcassets in Resources */ = {isa = PBXBuildFile; fileRef = FAFAC14025E38BC8009C960C /* Assets.xcassets */; };
		FAFAC14425E38BC8009C960C /* LaunchScreen.storyboard in Resources */ = {isa = PBXBuildFile; fileRef = FAFAC14225E38BC8009C960C /* LaunchScreen.storyboard */; };
/* End PBXBuildFile section */

/* Begin PBXFileReference section */
		FAD3391825E7D60A00F3532F /* MasterViewController.swift */ = {isa = PBXFileReference; lastKnownFileType = sourcecode.swift; path = MasterViewController.swift; sourceTree = "<group>"; };
		FAD3392225E7D8E100F3532F /* WebPage.swift */ = {isa = PBXFileReference; lastKnownFileType = sourcecode.swift; path = WebPage.swift; sourceTree = "<group>"; };
		FAD3392925E7DC2C00F3532F /* WebPageModel.swift */ = {isa = PBXFileReference; lastKnownFileType = sourcecode.swift; path = WebPageModel.swift; sourceTree = "<group>"; };
		FAD3392E25E823A200F3532F /* DetailViewController.swift */ = {isa = PBXFileReference; lastKnownFileType = sourcecode.swift; path = DetailViewController.swift; sourceTree = "<group>"; };
		FAFAC13425E38BC4009C960C /* BrowserApp.app */ = {isa = PBXFileReference; explicitFileType = wrapper.application; includeInIndex = 0; path = BrowserApp.app; sourceTree = BUILT_PRODUCTS_DIR; };
		FAFAC13725E38BC4009C960C /* AppDelegate.swift */ = {isa = PBXFileReference; lastKnownFileType = sourcecode.swift; path = AppDelegate.swift; sourceTree = "<group>"; };
		FAFAC13925E38BC4009C960C /* SceneDelegate.swift */ = {isa = PBXFileReference; lastKnownFileType = sourcecode.swift; path = SceneDelegate.swift; sourceTree = "<group>"; };
		FAFAC13E25E38BC4009C960C /* Base */ = {isa = PBXFileReference; lastKnownFileType = file.storyboard; name = Base; path = Base.lproj/Main.storyboard; sourceTree = "<group>"; };
		FAFAC14025E38BC8009C960C /* Assets.xcassets */ = {isa = PBXFileReference; lastKnownFileType = folder.assetcatalog; path = Assets.xcassets; sourceTree = "<group>"; };
		FAFAC14325E38BC8009C960C /* Base */ = {isa = PBXFileReference; lastKnownFileType = file.storyboard; name = Base; path = Base.lproj/LaunchScreen.storyboard; sourceTree = "<group>"; };
		FAFAC14525E38BC8009C960C /* Info.plist */ = {isa = PBXFileReference; lastKnownFileType = text.plist.xml; path = Info.plist; sourceTree = "<group>"; };
/* End PBXFileReference section */

/* Begin PBXFrameworksBuildPhase section */
		FAFAC13125E38BC4009C960C /* Frameworks */ = {
			isa = PBXFrameworksBuildPhase;
			buildActionMask = 2147483647;
			files = (
			);
			runOnlyForDeploymentPostprocessing = 0;
		};
/* End PBXFrameworksBuildPhase section */

/* Begin PBXGroup section */
		FAD3391F25E7D86A00F3532F /* Controllers */ = {
			isa = PBXGroup;
			children = (
				FAD3391825E7D60A00F3532F /* MasterViewController.swift */,
				FAD3392E25E823A200F3532F /* DetailViewController.swift */,
			);
			path = Controllers;
			sourceTree = "<group>";
		};
		FAD3392125E7D88B00F3532F /* Models */ = {
			isa = PBXGroup;
			children = (
				FAD3392225E7D8E100F3532F /* WebPage.swift */,
				FAD3392925E7DC2C00F3532F /* WebPageModel.swift */,
			);
			path = Models;
			sourceTree = "<group>";
		};
		FAFAC12B25E38BC4009C960C = {
			isa = PBXGroup;
			children = (
				FAFAC13625E38BC4009C960C /* BrowserApp */,
				FAFAC13525E38BC4009C960C /* Products */,
			);
			sourceTree = "<group>";
		};
		FAFAC13525E38BC4009C960C /* Products */ = {
			isa = PBXGroup;
			children = (
				FAFAC13425E38BC4009C960C /* BrowserApp.app */,
			);
			name = Products;
			sourceTree = "<group>";
		};
		FAFAC13625E38BC4009C960C /* BrowserApp */ = {
			isa = PBXGroup;
			children = (
				FAD3392125E7D88B00F3532F /* Models */,
				FAD3391F25E7D86A00F3532F /* Controllers */,
				FAFAC13725E38BC4009C960C /* AppDelegate.swift */,
				FAFAC13925E38BC4009C960C /* SceneDelegate.swift */,
				FAFAC13D25E38BC4009C960C /* Main.storyboard */,
				FAFAC14025E38BC8009C960C /* Assets.xcassets */,
				FAFAC14225E38BC8009C960C /* LaunchScreen.storyboard */,
				FAFAC14525E38BC8009C960C /* Info.plist */,
			);
			path = BrowserApp;
			sourceTree = "<group>";
		};
/* End PBXGroup section */

/* Begin PBXNativeTarget section */
		FAFAC13325E38BC4009C960C /* BrowserApp */ = {
			isa = PBXNativeTarget;
			buildConfigurationList = FAFAC14825E38BC8009C960C /* Build configuration list for PBXNativeTarget "BrowserApp" */;
			buildPhases = (
				FAFAC13025E38BC4009C960C /* Sources */,
				FAFAC13125E38BC4009C960C /* Frameworks */,
				FAFAC13225E38BC4009C960C /* Resources */,
			);
			buildRules = (
			);
			dependencies = (
			);
			name = BrowserApp;
			productName = BrowserApp;
			productReference = FAFAC13425E38BC4009C960C /* BrowserApp.app */;
			productType = "com.apple.product-type.application";
		};
/* End PBXNativeTarget section */

/* Begin PBXProject section */
		FAFAC12C25E38BC4009C960C /* Project object */ = {
			isa = PBXProject;
			attributes = {
				LastSwiftUpdateCheck = 1230;
				LastUpgradeCheck = 1230;
				TargetAttributes = {
					FAFAC13325E38BC4009C960C = {
						CreatedOnToolsVersion = 12.3;
					};
				};
			};
			buildConfigurationList = FAFAC12F25E38BC4009C960C /* Build configuration list for PBXProject "BrowserApp" */;
			compatibilityVersion = "Xcode 9.3";
			developmentRegion = en;
			hasScannedForEncodings = 0;
			knownRegions = (
				en,
				Base,
			);
			mainGroup = FAFAC12B25E38BC4009C960C;
			productRefGroup = FAFAC13525E38BC4009C960C /* Products */;
			projectDirPath = "";
			projectRoot = "";
			targets = (
				FAFAC13325E38BC4009C960C /* BrowserApp */,
			);
		};
/* End PBXProject section */

/* Begin PBXResourcesBuildPhase section */
		FAFAC13225E38BC4009C960C /* Resources */ = {
			isa = PBXResourcesBuildPhase;
			buildActionMask = 2147483647;
			files = (
				FAFAC14425E38BC8009C960C /* LaunchScreen.storyboard in Resources */,
				FAFAC14125E38BC8009C960C /* Assets.xcassets in Resources */,
				FAFAC13F25E38BC4009C960C /* Main.storyboard in Resources */,
			);
			runOnlyForDeploymentPostprocessing = 0;
		};
/* End PBXResourcesBuildPhase section */

/* Begin PBXSourcesBuildPhase section */
		FAFAC13025E38BC4009C960C /* Sources */ = {
			isa = PBXSourcesBuildPhase;
			buildActionMask = 2147483647;
			files = (
				FAFAC13825E38BC4009C960C /* AppDelegate.swift in Sources */,
				FAFAC13A25E38BC4009C960C /* SceneDelegate.swift in Sources */,
				FAD3392325E7D8E100F3532F /* WebPage.swift in Sources */,
				FAD3393025E823A200F3532F /* DetailViewController.swift in Sources */,
				FAD3391925E7D60A00F3532F /* MasterViewController.swift in Sources */,
				FAD3392A25E7DC2C00F3532F /* WebPageModel.swift in Sources */,
			);
			runOnlyForDeploymentPostprocessing = 0;
		};
/* End PBXSourcesBuildPhase section */

/* Begin PBXVariantGroup section */
		FAFAC13D25E38BC4009C960C /* Main.storyboard */ = {
			isa = PBXVariantGroup;
			children = (
				FAFAC13E25E38BC4009C960C /* Base */,
			);
			name = Main.storyboard;
			sourceTree = "<group>";
		};
		FAFAC14225E38BC8009C960C /* LaunchScreen.storyboard */ = {
			isa = PBXVariantGroup;
			children = (
				FAFAC14325E38BC8009C960C /* Base */,
			);
			name = LaunchScreen.storyboard;
			sourceTree = "<group>";
		};
/* End PBXVariantGroup section */

/* Begin XCBuildConfiguration section */
		FAFAC14625E38BC8009C960C /* Debug */ = {
			isa = XCBuildConfiguration;
			buildSettings = {
				ALWAYS_SEARCH_USER_PATHS = NO;
				CLANG_ANALYZER_NONNULL = YES;
				CLANG_ANALYZER_NUMBER_OBJECT_CONVERSION = YES_AGGRESSIVE;
				CLANG_CXX_LANGUAGE_STANDARD = "gnu++14";
				CLANG_CXX_LIBRARY = "libc++";
				CLANG_ENABLE_MODULES = YES;
				CLANG_ENABLE_OBJC_ARC = YES;
				CLANG_ENABLE_OBJC_WEAK = YES;
				CLANG_WARN_BLOCK_CAPTURE_AUTORELEASING = YES;
				CLANG_WARN_BOOL_CONVERSION = YES;
				CLANG_WARN_COMMA = YES;
				CLANG_WARN_CONSTANT_CONVERSION = YES;
				CLANG_WARN_DEPRECATED_OBJC_IMPLEMENTATIONS = YES;
				CLANG_WARN_DIRECT_OBJC_ISA_USAGE = YES_ERROR;
				CLANG_WARN_DOCUMENTATION_COMMENTS = YES;
				CLANG_WARN_EMPTY_BODY = YES;
				CLANG_WARN_ENUM_CONVERSION = YES;
				CLANG_WARN_INFINITE_RECURSION = YES;
				CLANG_WARN_INT_CONVERSION = YES;
				CLANG_WARN_NON_LITERAL_NULL_CONVERSION = YES;
				CLANG_WARN_OBJC_IMPLICIT_RETAIN_SELF = YES;
				CLANG_WARN_OBJC_LITERAL_CONVERSION = YES;
				CLANG_WARN_OBJC_ROOT_CLASS = YES_ERROR;
				CLANG_WARN_QUOTED_INCLUDE_IN_FRAMEWORK_HEADER = YES;
				CLANG_WARN_RANGE_LOOP_ANALYSIS = YES;
				CLANG_WARN_STRICT_PROTOTYPES = YES;
				CLANG_WARN_SUSPICIOUS_MOVE = YES;
				CLANG_WARN_UNGUARDED_AVAILABILITY = YES_AGGRESSIVE;
				CLANG_WARN_UNREACHABLE_CODE = YES;
				CLANG_WARN__DUPLICATE_METHOD_MATCH = YES;
				COPY_PHASE_STRIP = NO;
				DEBUG_INFORMATION_FORMAT = dwarf;
				ENABLE_STRICT_OBJC_MSGSEND = YES;
				ENABLE_TESTABILITY = YES;
				GCC_C_LANGUAGE_STANDARD = gnu11;
				GCC_DYNAMIC_NO_PIC = NO;
				GCC_NO_COMMON_BLOCKS = YES;
				GCC_OPTIMIZATION_LEVEL = 0;
				GCC_PREPROCESSOR_DEFINITIONS = (
					"DEBUG=1",
					"$(inherited)",
				);
				GCC_WARN_64_TO_32_BIT_CONVERSION = YES;
				GCC_WARN_ABOUT_RETURN_TYPE = YES_ERROR;
				GCC_WARN_UNDECLARED_SELECTOR = YES;
				GCC_WARN_UNINITIALIZED_AUTOS = YES_AGGRESSIVE;
				GCC_WARN_UNUSED_FUNCTION = YES;
				GCC_WARN_UNUSED_VARIABLE = YES;
				IPHONEOS_DEPLOYMENT_TARGET = 14.3;
				MTL_ENABLE_DEBUG_INFO = INCLUDE_SOURCE;
				MTL_FAST_MATH = YES;
				ONLY_ACTIVE_ARCH = YES;
				SDKROOT = iphoneos;
				SWIFT_ACTIVE_COMPILATION_CONDITIONS = DEBUG;
				SWIFT_OPTIMIZATION_LEVEL = "-Onone";
			};
			name = Debug;
		};
		FAFAC14725E38BC8009C960C /* Release */ = {
			isa = XCBuildConfiguration;
			buildSettings = {
				ALWAYS_SEARCH_USER_PATHS = NO;
				CLANG_ANALYZER_NONNULL = YES;
				CLANG_ANALYZER_NUMBER_OBJECT_CONVERSION = YES_AGGRESSIVE;
				CLANG_CXX_LANGUAGE_STANDARD = "gnu++14";
				CLANG_CXX_LIBRARY = "libc++";
				CLANG_ENABLE_MODULES = YES;
				CLANG_ENABLE_OBJC_ARC = YES;
				CLANG_ENABLE_OBJC_WEAK = YES;
				CLANG_WARN_BLOCK_CAPTURE_AUTORELEASING = YES;
				CLANG_WARN_BOOL_CONVERSION = YES;
				CLANG_WARN_COMMA = YES;
				CLANG_WARN_CONSTANT_CONVERSION = YES;
				CLANG_WARN_DEPRECATED_OBJC_IMPLEMENTATIONS = YES;
				CLANG_WARN_DIRECT_OBJC_ISA_USAGE = YES_ERROR;
				CLANG_WARN_DOCUMENTATION_COMMENTS = YES;
				CLANG_WARN_EMPTY_BODY = YES;
				CLANG_WARN_ENUM_CONVERSION = YES;
				CLANG_WARN_INFINITE_RECURSION = YES;
				CLANG_WARN_INT_CONVERSION = YES;
				CLANG_WARN_NON_LITERAL_NULL_CONVERSION = YES;
				CLANG_WARN_OBJC_IMPLICIT_RETAIN_SELF = YES;
				CLANG_WARN_OBJC_LITERAL_CONVERSION = YES;
				CLANG_WARN_OBJC_ROOT_CLASS = YES_ERROR;
				CLANG_WARN_QUOTED_INCLUDE_IN_FRAMEWORK_HEADER = YES;
				CLANG_WARN_RANGE_LOOP_ANALYSIS = YES;
				CLANG_WARN_STRICT_PROTOTYPES = YES;
				CLANG_WARN_SUSPICIOUS_MOVE = YES;
				CLANG_WARN_UNGUARDED_AVAILABILITY = YES_AGGRESSIVE;
				CLANG_WARN_UNREACHABLE_CODE = YES;
				CLANG_WARN__DUPLICATE_METHOD_MATCH = YES;
				COPY_PHASE_STRIP = NO;
				DEBUG_INFORMATION_FORMAT = "dwarf-with-dsym";
				ENABLE_NS_ASSERTIONS = NO;
				ENABLE_STRICT_OBJC_MSGSEND = YES;
				GCC_C_LANGUAGE_STANDARD = gnu11;
				GCC_NO_COMMON_BLOCKS = YES;
				GCC_WARN_64_TO_32_BIT_CONVERSION = YES;
				GCC_WARN_ABOUT_RETURN_TYPE = YES_ERROR;
				GCC_WARN_UNDECLARED_SELECTOR = YES;
				GCC_WARN_UNINITIALIZED_AUTOS = YES_AGGRESSIVE;
				GCC_WARN_UNUSED_FUNCTION = YES;
				GCC_WARN_UNUSED_VARIABLE = YES;
				IPHONEOS_DEPLOYMENT_TARGET = 14.3;
				MTL_ENABLE_DEBUG_INFO = NO;
				MTL_FAST_MATH = YES;
				SDKROOT = iphoneos;
				SWIFT_COMPILATION_MODE = wholemodule;
				SWIFT_OPTIMIZATION_LEVEL = "-O";
				VALIDATE_PRODUCT = YES;
			};
			name = Release;
		};
		FAFAC14925E38BC8009C960C /* Debug */ = {
			isa = XCBuildConfiguration;
			buildSettings = {
				ASSETCATALOG_COMPILER_APPICON_NAME = AppIcon;
				ASSETCATALOG_COMPILER_GLOBAL_ACCENT_COLOR_NAME = AccentColor;
				CODE_SIGN_STYLE = Automatic;
				DEVELOPMENT_TEAM = B3N9W5S87Y;
				INFOPLIST_FILE = BrowserApp/Info.plist;
				IPHONEOS_DEPLOYMENT_TARGET = 14.3;
				LD_RUNPATH_SEARCH_PATHS = (
					"$(inherited)",
					"@executable_path/Frameworks",
				);
				PRODUCT_BUNDLE_IDENTIFIER = kbtu.fit.kz.BrowserApp;
				PRODUCT_NAME = "$(TARGET_NAME)";
				SWIFT_VERSION = 5.0;
				TARGETED_DEVICE_FAMILY = "1,2";
			};
			name = Debug;
		};
		FAFAC14A25E38BC8009C960C /* Release */ = {
			isa = XCBuildConfiguration;
			buildSettings = {
				ASSETCATALOG_COMPILER_APPICON_NAME = AppIcon;
				ASSETCATALOG_COMPILER_GLOBAL_ACCENT_COLOR_NAME = AccentColor;
				CODE_SIGN_STYLE = Automatic;
				DEVELOPMENT_TEAM = B3N9W5S87Y;
				INFOPLIST_FILE = BrowserApp/Info.plist;
				IPHONEOS_DEPLOYMENT_TARGET = 14.3;
				LD_RUNPATH_SEARCH_PATHS = (
					"$(inherited)",
					"@executable_path/Frameworks",
				);
				PRODUCT_BUNDLE_IDENTIFIER = kbtu.fit.kz.BrowserApp;
				PRODUCT_NAME = "$(TARGET_NAME)";
				SWIFT_VERSION = 5.0;
				TARGETED_DEVICE_FAMILY = "1,2";
			};
			name = Release;
		};
/* End XCBuildConfiguration section */

/* Begin XCConfigurationList section */
		FAFAC12F25E38BC4009C960C /* Build configuration list for PBXProject "BrowserApp" */ = {
			isa = XCConfigurationList;
			buildConfigurations = (
				FAFAC14625E38BC8009C960C /* Debug */,
				FAFAC14725E38BC8009C960C /* Release */,
			);
			defaultConfigurationIsVisible = 0;
			defaultConfigurationName = Release;
		};
		FAFAC14825E38BC8009C960C /* Build configuration list for PBXNativeTarget "BrowserApp" */ = {
			isa = XCConfigurationList;
			buildConfigurations = (
				FAFAC14925E38BC8009C960C /* Debug */,
				FAFAC14A25E38BC8009C960C /* Release */,
			);
			defaultConfigurationIsVisible = 0;
			defaultConfigurationName = Release;
		};
/* End XCConfigurationList section */
	};
	rootObject = FAFAC12C25E38BC4009C960C /* Project object */;
}
