// !$*UTF8*$!
{
	archiveVersion = 1;
	classes = {
	};
	objectVersion = 50;
	objects = {

/* Begin PBXBuildFile section */
		FADCF6962607924D00D965FF /* AppDelegate.swift in Sources */ = {isa = PBXBuildFile; fileRef = FADCF6952607924D00D965FF /* AppDelegate.swift */; };
		FADCF6982607924D00D965FF /* SceneDelegate.swift in Sources */ = {isa = PBXBuildFile; fileRef = FADCF6972607924D00D965FF /* SceneDelegate.swift */; };
		FADCF69A2607924D00D965FF /* ViewController.swift in Sources */ = {isa = PBXBuildFile; fileRef = FADCF6992607924D00D965FF /* ViewController.swift */; };
		FADCF69D2607924D00D965FF /* Main.storyboard in Resources */ = {isa = PBXBuildFile; fileRef = FADCF69B2607924D00D965FF /* Main.storyboard */; };
		FADCF69F2607924F00D965FF /* Assets.xcassets in Resources */ = {isa = PBXBuildFile; fileRef = FADCF69E2607924F00D965FF /* Assets.xcassets */; };
		FADCF6A22607924F00D965FF /* LaunchScreen.storyboard in Resources */ = {isa = PBXBuildFile; fileRef = FADCF6A02607924F00D965FF /* LaunchScreen.storyboard */; };
		FAE9E450260BA6B500861F33 /* CustomAnnotationView.swift in Sources */ = {isa = PBXBuildFile; fileRef = FAE9E44F260BA6B500861F33 /* CustomAnnotationView.swift */; };
		FAE9E453260BAB2300861F33 /* EditViewController.swift in Sources */ = {isa = PBXBuildFile; fileRef = FAE9E452260BAB2300861F33 /* EditViewController.swift */; };
		FAE9E466260DE3B800861F33 /* Model.xcdatamodeld in Sources */ = {isa = PBXBuildFile; fileRef = FAE9E464260DE3B800861F33 /* Model.xcdatamodeld */; };
		FAE9E46C260DE6F100861F33 /* AnnotationsViewController.swift in Sources */ = {isa = PBXBuildFile; fileRef = FAE9E46B260DE6F100861F33 /* AnnotationsViewController.swift */; };
/* End PBXBuildFile section */

/* Begin PBXFileReference section */
		FADCF6922607924D00D965FF /* MapsApp.app */ = {isa = PBXFileReference; explicitFileType = wrapper.application; includeInIndex = 0; path = MapsApp.app; sourceTree = BUILT_PRODUCTS_DIR; };
		FADCF6952607924D00D965FF /* AppDelegate.swift */ = {isa = PBXFileReference; lastKnownFileType = sourcecode.swift; path = AppDelegate.swift; sourceTree = "<group>"; };
		FADCF6972607924D00D965FF /* SceneDelegate.swift */ = {isa = PBXFileReference; lastKnownFileType = sourcecode.swift; path = SceneDelegate.swift; sourceTree = "<group>"; };
		FADCF6992607924D00D965FF /* ViewController.swift */ = {isa = PBXFileReference; lastKnownFileType = sourcecode.swift; path = ViewController.swift; sourceTree = "<group>"; };
		FADCF69C2607924D00D965FF /* Base */ = {isa = PBXFileReference; lastKnownFileType = file.storyboard; name = Base; path = Base.lproj/Main.storyboard; sourceTree = "<group>"; };
		FADCF69E2607924F00D965FF /* Assets.xcassets */ = {isa = PBXFileReference; lastKnownFileType = folder.assetcatalog; path = Assets.xcassets; sourceTree = "<group>"; };
		FADCF6A12607924F00D965FF /* Base */ = {isa = PBXFileReference; lastKnownFileType = file.storyboard; name = Base; path = Base.lproj/LaunchScreen.storyboard; sourceTree = "<group>"; };
		FADCF6A32607924F00D965FF /* Info.plist */ = {isa = PBXFileReference; lastKnownFileType = text.plist.xml; path = Info.plist; sourceTree = "<group>"; };
		FAE9E44F260BA6B500861F33 /* CustomAnnotationView.swift */ = {isa = PBXFileReference; lastKnownFileType = sourcecode.swift; path = CustomAnnotationView.swift; sourceTree = "<group>"; };
		FAE9E452260BAB2300861F33 /* EditViewController.swift */ = {isa = PBXFileReference; lastKnownFileType = sourcecode.swift; path = EditViewController.swift; sourceTree = "<group>"; };
		FAE9E465260DE3B800861F33 /* Model.xcdatamodel */ = {isa = PBXFileReference; lastKnownFileType = wrapper.xcdatamodel; path = Model.xcdatamodel; sourceTree = "<group>"; };
		FAE9E46B260DE6F100861F33 /* AnnotationsViewController.swift */ = {isa = PBXFileReference; lastKnownFileType = sourcecode.swift; path = AnnotationsViewController.swift; sourceTree = "<group>"; };
/* End PBXFileReference section */

/* Begin PBXFrameworksBuildPhase section */
		FADCF68F2607924D00D965FF /* Frameworks */ = {
			isa = PBXFrameworksBuildPhase;
			buildActionMask = 2147483647;
			files = (
			);
			runOnlyForDeploymentPostprocessing = 0;
		};
/* End PBXFrameworksBuildPhase section */

/* Begin PBXGroup section */
		FADCF6892607924C00D965FF = {
			isa = PBXGroup;
			children = (
				FADCF6942607924D00D965FF /* MapsApp */,
				FADCF6932607924D00D965FF /* Products */,
			);
			sourceTree = "<group>";
		};
		FADCF6932607924D00D965FF /* Products */ = {
			isa = PBXGroup;
			children = (
				FADCF6922607924D00D965FF /* MapsApp.app */,
			);
			name = Products;
			sourceTree = "<group>";
		};
		FADCF6942607924D00D965FF /* MapsApp */ = {
			isa = PBXGroup;
			children = (
				FAE9E472260DF44400861F33 /* ViewControllers */,
				FADCF6952607924D00D965FF /* AppDelegate.swift */,
				FADCF6972607924D00D965FF /* SceneDelegate.swift */,
				FADCF69B2607924D00D965FF /* Main.storyboard */,
				FADCF69E2607924F00D965FF /* Assets.xcassets */,
				FADCF6A02607924F00D965FF /* LaunchScreen.storyboard */,
				FADCF6A32607924F00D965FF /* Info.plist */,
				FAE9E464260DE3B800861F33 /* Model.xcdatamodeld */,
			);
			path = MapsApp;
			sourceTree = "<group>";
		};
		FAE9E472260DF44400861F33 /* ViewControllers */ = {
			isa = PBXGroup;
			children = (
				FAE9E44F260BA6B500861F33 /* CustomAnnotationView.swift */,
				FAE9E46B260DE6F100861F33 /* AnnotationsViewController.swift */,
				FADCF6992607924D00D965FF /* ViewController.swift */,
				FAE9E452260BAB2300861F33 /* EditViewController.swift */,
			);
			name = ViewControllers;
			sourceTree = "<group>";
		};
/* End PBXGroup section */

/* Begin PBXNativeTarget section */
		FADCF6912607924D00D965FF /* MapsApp */ = {
			isa = PBXNativeTarget;
			buildConfigurationList = FADCF6A62607924F00D965FF /* Build configuration list for PBXNativeTarget "MapsApp" */;
			buildPhases = (
				FADCF68E2607924D00D965FF /* Sources */,
				FADCF68F2607924D00D965FF /* Frameworks */,
				FADCF6902607924D00D965FF /* Resources */,
			);
			buildRules = (
			);
			dependencies = (
			);
			name = MapsApp;
			productName = MapsApp;
			productReference = FADCF6922607924D00D965FF /* MapsApp.app */;
			productType = "com.apple.product-type.application";
		};
/* End PBXNativeTarget section */

/* Begin PBXProject section */
		FADCF68A2607924C00D965FF /* Project object */ = {
			isa = PBXProject;
			attributes = {
				LastSwiftUpdateCheck = 1230;
				LastUpgradeCheck = 1230;
				TargetAttributes = {
					FADCF6912607924D00D965FF = {
						CreatedOnToolsVersion = 12.3;
					};
				};
			};
			buildConfigurationList = FADCF68D2607924C00D965FF /* Build configuration list for PBXProject "MapsApp" */;
			compatibilityVersion = "Xcode 9.3";
			developmentRegion = en;
			hasScannedForEncodings = 0;
			knownRegions = (
				en,
				Base,
			);
			mainGroup = FADCF6892607924C00D965FF;
			productRefGroup = FADCF6932607924D00D965FF /* Products */;
			projectDirPath = "";
			projectRoot = "";
			targets = (
				FADCF6912607924D00D965FF /* MapsApp */,
			);
		};
/* End PBXProject section */

/* Begin PBXResourcesBuildPhase section */
		FADCF6902607924D00D965FF /* Resources */ = {
			isa = PBXResourcesBuildPhase;
			buildActionMask = 2147483647;
			files = (
				FADCF6A22607924F00D965FF /* LaunchScreen.storyboard in Resources */,
				FADCF69F2607924F00D965FF /* Assets.xcassets in Resources */,
				FADCF69D2607924D00D965FF /* Main.storyboard in Resources */,
			);
			runOnlyForDeploymentPostprocessing = 0;
		};
/* End PBXResourcesBuildPhase section */

/* Begin PBXSourcesBuildPhase section */
		FADCF68E2607924D00D965FF /* Sources */ = {
			isa = PBXSourcesBuildPhase;
			buildActionMask = 2147483647;
			files = (
				FAE9E453260BAB2300861F33 /* EditViewController.swift in Sources */,
				FADCF69A2607924D00D965FF /* ViewController.swift in Sources */,
				FAE9E46C260DE6F100861F33 /* AnnotationsViewController.swift in Sources */,
				FADCF6962607924D00D965FF /* AppDelegate.swift in Sources */,
				FAE9E466260DE3B800861F33 /* Model.xcdatamodeld in Sources */,
				FAE9E450260BA6B500861F33 /* CustomAnnotationView.swift in Sources */,
				FADCF6982607924D00D965FF /* SceneDelegate.swift in Sources */,
			);
			runOnlyForDeploymentPostprocessing = 0;
		};
/* End PBXSourcesBuildPhase section */

/* Begin PBXVariantGroup section */
		FADCF69B2607924D00D965FF /* Main.storyboard */ = {
			isa = PBXVariantGroup;
			children = (
				FADCF69C2607924D00D965FF /* Base */,
			);
			name = Main.storyboard;
			sourceTree = "<group>";
		};
		FADCF6A02607924F00D965FF /* LaunchScreen.storyboard */ = {
			isa = PBXVariantGroup;
			children = (
				FADCF6A12607924F00D965FF /* Base */,
			);
			name = LaunchScreen.storyboard;
			sourceTree = "<group>";
		};
/* End PBXVariantGroup section */

/* Begin XCBuildConfiguration section */
		FADCF6A42607924F00D965FF /* Debug */ = {
			isa = XCBuildConfiguration;
			buildSettings = {
				ALWAYS_SEARCH_USER_PATHS = NO;
				CLANG_ANALYZER_NONNULL = YES;
				CLANG_ANALYZER_NUMBER_OBJECT_CONVERSION = YES_AGGRESSIVE;
				CLANG_CXX_LANGUAGE_STANDARD = "gnu++14";
				CLANG_CXX_LIBRARY = "libc++";
				CLANG_ENABLE_MODULES = YES;
				CLANG_ENABLE_OBJC_ARC = YES;
				CLANG_ENABLE_OBJC_WEAK = YES;
				CLANG_WARN_BLOCK_CAPTURE_AUTORELEASING = YES;
				CLANG_WARN_BOOL_CONVERSION = YES;
				CLANG_WARN_COMMA = YES;
				CLANG_WARN_CONSTANT_CONVERSION = YES;
				CLANG_WARN_DEPRECATED_OBJC_IMPLEMENTATIONS = YES;
				CLANG_WARN_DIRECT_OBJC_ISA_USAGE = YES_ERROR;
				CLANG_WARN_DOCUMENTATION_COMMENTS = YES;
				CLANG_WARN_EMPTY_BODY = YES;
				CLANG_WARN_ENUM_CONVERSION = YES;
				CLANG_WARN_INFINITE_RECURSION = YES;
				CLANG_WARN_INT_CONVERSION = YES;
				CLANG_WARN_NON_LITERAL_NULL_CONVERSION = YES;
				CLANG_WARN_OBJC_IMPLICIT_RETAIN_SELF = YES;
				CLANG_WARN_OBJC_LITERAL_CONVERSION = YES;
				CLANG_WARN_OBJC_ROOT_CLASS = YES_ERROR;
				CLANG_WARN_QUOTED_INCLUDE_IN_FRAMEWORK_HEADER = YES;
				CLANG_WARN_RANGE_LOOP_ANALYSIS = YES;
				CLANG_WARN_STRICT_PROTOTYPES = YES;
				CLANG_WARN_SUSPICIOUS_MOVE = YES;
				CLANG_WARN_UNGUARDED_AVAILABILITY = YES_AGGRESSIVE;
				CLANG_WARN_UNREACHABLE_CODE = YES;
				CLANG_WARN__DUPLICATE_METHOD_MATCH = YES;
				COPY_PHASE_STRIP = NO;
				DEBUG_INFORMATION_FORMAT = dwarf;
				ENABLE_STRICT_OBJC_MSGSEND = YES;
				ENABLE_TESTABILITY = YES;
				GCC_C_LANGUAGE_STANDARD = gnu11;
				GCC_DYNAMIC_NO_PIC = NO;
				GCC_NO_COMMON_BLOCKS = YES;
				GCC_OPTIMIZATION_LEVEL = 0;
				GCC_PREPROCESSOR_DEFINITIONS = (
					"DEBUG=1",
					"$(inherited)",
				);
				GCC_WARN_64_TO_32_BIT_CONVERSION = YES;
				GCC_WARN_ABOUT_RETURN_TYPE = YES_ERROR;
				GCC_WARN_UNDECLARED_SELECTOR = YES;
				GCC_WARN_UNINITIALIZED_AUTOS = YES_AGGRESSIVE;
				GCC_WARN_UNUSED_FUNCTION = YES;
				GCC_WARN_UNUSED_VARIABLE = YES;
				IPHONEOS_DEPLOYMENT_TARGET = 14.3;
				MTL_ENABLE_DEBUG_INFO = INCLUDE_SOURCE;
				MTL_FAST_MATH = YES;
				ONLY_ACTIVE_ARCH = YES;
				SDKROOT = iphoneos;
				SWIFT_ACTIVE_COMPILATION_CONDITIONS = DEBUG;
				SWIFT_OPTIMIZATION_LEVEL = "-Onone";
			};
			name = Debug;
		};
		FADCF6A52607924F00D965FF /* Release */ = {
			isa = XCBuildConfiguration;
			buildSettings = {
				ALWAYS_SEARCH_USER_PATHS = NO;
				CLANG_ANALYZER_NONNULL = YES;
				CLANG_ANALYZER_NUMBER_OBJECT_CONVERSION = YES_AGGRESSIVE;
				CLANG_CXX_LANGUAGE_STANDARD = "gnu++14";
				CLANG_CXX_LIBRARY = "libc++";
				CLANG_ENABLE_MODULES = YES;
				CLANG_ENABLE_OBJC_ARC = YES;
				CLANG_ENABLE_OBJC_WEAK = YES;
				CLANG_WARN_BLOCK_CAPTURE_AUTORELEASING = YES;
				CLANG_WARN_BOOL_CONVERSION = YES;
				CLANG_WARN_COMMA = YES;
				CLANG_WARN_CONSTANT_CONVERSION = YES;
				CLANG_WARN_DEPRECATED_OBJC_IMPLEMENTATIONS = YES;
				CLANG_WARN_DIRECT_OBJC_ISA_USAGE = YES_ERROR;
				CLANG_WARN_DOCUMENTATION_COMMENTS = YES;
				CLANG_WARN_EMPTY_BODY = YES;
				CLANG_WARN_ENUM_CONVERSION = YES;
				CLANG_WARN_INFINITE_RECURSION = YES;
				CLANG_WARN_INT_CONVERSION = YES;
				CLANG_WARN_NON_LITERAL_NULL_CONVERSION = YES;
				CLANG_WARN_OBJC_IMPLICIT_RETAIN_SELF = YES;
				CLANG_WARN_OBJC_LITERAL_CONVERSION = YES;
				CLANG_WARN_OBJC_ROOT_CLASS = YES_ERROR;
				CLANG_WARN_QUOTED_INCLUDE_IN_FRAMEWORK_HEADER = YES;
				CLANG_WARN_RANGE_LOOP_ANALYSIS = YES;
				CLANG_WARN_STRICT_PROTOTYPES = YES;
				CLANG_WARN_SUSPICIOUS_MOVE = YES;
				CLANG_WARN_UNGUARDED_AVAILABILITY = YES_AGGRESSIVE;
				CLANG_WARN_UNREACHABLE_CODE = YES;
				CLANG_WARN__DUPLICATE_METHOD_MATCH = YES;
				COPY_PHASE_STRIP = NO;
				DEBUG_INFORMATION_FORMAT = "dwarf-with-dsym";
				ENABLE_NS_ASSERTIONS = NO;
				ENABLE_STRICT_OBJC_MSGSEND = YES;
				GCC_C_LANGUAGE_STANDARD = gnu11;
				GCC_NO_COMMON_BLOCKS = YES;
				GCC_WARN_64_TO_32_BIT_CONVERSION = YES;
				GCC_WARN_ABOUT_RETURN_TYPE = YES_ERROR;
				GCC_WARN_UNDECLARED_SELECTOR = YES;
				GCC_WARN_UNINITIALIZED_AUTOS = YES_AGGRESSIVE;
				GCC_WARN_UNUSED_FUNCTION = YES;
				GCC_WARN_UNUSED_VARIABLE = YES;
				IPHONEOS_DEPLOYMENT_TARGET = 14.3;
				MTL_ENABLE_DEBUG_INFO = NO;
				MTL_FAST_MATH = YES;
				SDKROOT = iphoneos;
				SWIFT_COMPILATION_MODE = wholemodule;
				SWIFT_OPTIMIZATION_LEVEL = "-O";
				VALIDATE_PRODUCT = YES;
			};
			name = Release;
		};
		FADCF6A72607924F00D965FF /* Debug */ = {
			isa = XCBuildConfiguration;
			buildSettings = {
				ASSETCATALOG_COMPILER_APPICON_NAME = AppIcon;
				ASSETCATALOG_COMPILER_GLOBAL_ACCENT_COLOR_NAME = AccentColor;
				CODE_SIGN_STYLE = Automatic;
				DEVELOPMENT_TEAM = B3N9W5S87Y;
				INFOPLIST_FILE = MapsApp/Info.plist;
				LD_RUNPATH_SEARCH_PATHS = (
					"$(inherited)",
					"@executable_path/Frameworks",
				);
				PRODUCT_BUNDLE_IDENTIFIER = kbtu.fit.kz.MapsApp;
				PRODUCT_NAME = "$(TARGET_NAME)";
				SWIFT_VERSION = 5.0;
				TARGETED_DEVICE_FAMILY = "1,2";
			};
			name = Debug;
		};
		FADCF6A82607924F00D965FF /* Release */ = {
			isa = XCBuildConfiguration;
			buildSettings = {
				ASSETCATALOG_COMPILER_APPICON_NAME = AppIcon;
				ASSETCATALOG_COMPILER_GLOBAL_ACCENT_COLOR_NAME = AccentColor;
				CODE_SIGN_STYLE = Automatic;
				DEVELOPMENT_TEAM = B3N9W5S87Y;
				INFOPLIST_FILE = MapsApp/Info.plist;
				LD_RUNPATH_SEARCH_PATHS = (
					"$(inherited)",
					"@executable_path/Frameworks",
				);
				PRODUCT_BUNDLE_IDENTIFIER = kbtu.fit.kz.MapsApp;
				PRODUCT_NAME = "$(TARGET_NAME)";
				SWIFT_VERSION = 5.0;
				TARGETED_DEVICE_FAMILY = "1,2";
			};
			name = Release;
		};
/* End XCBuildConfiguration section */

/* Begin XCConfigurationList section */
		FADCF68D2607924C00D965FF /* Build configuration list for PBXProject "MapsApp" */ = {
			isa = XCConfigurationList;
			buildConfigurations = (
				FADCF6A42607924F00D965FF /* Debug */,
				FADCF6A52607924F00D965FF /* Release */,
			);
			defaultConfigurationIsVisible = 0;
			defaultConfigurationName = Release;
		};
		FADCF6A62607924F00D965FF /* Build configuration list for PBXNativeTarget "MapsApp" */ = {
			isa = XCConfigurationList;
			buildConfigurations = (
				FADCF6A72607924F00D965FF /* Debug */,
				FADCF6A82607924F00D965FF /* Release */,
			);
			defaultConfigurationIsVisible = 0;
			defaultConfigurationName = Release;
		};
/* End XCConfigurationList section */

/* Begin XCVersionGroup section */
		FAE9E464260DE3B800861F33 /* Model.xcdatamodeld */ = {
			isa = XCVersionGroup;
			children = (
				FAE9E465260DE3B800861F33 /* Model.xcdatamodel */,
			);
			currentVersion = FAE9E465260DE3B800861F33 /* Model.xcdatamodel */;
			path = Model.xcdatamodeld;
			sourceTree = "<group>";
			versionGroupType = wrapper.xcdatamodel;
		};
/* End XCVersionGroup section */
	};
	rootObject = FADCF68A2607924C00D965FF /* Project object */;
}
