// !$*UTF8*$!
{
	archiveVersion = 1;
	classes = {
	};
	objectVersion = 50;
	objects = {

/* Begin PBXBuildFile section */
		FA568FFF25CBE847001A6856 /* CalculatorModel.swift in Sources */ = {isa = PBXBuildFile; fileRef = FA568FFE25CBE847001A6856 /* CalculatorModel.swift */; };
		FAAAB40A25C9A74200854586 /* AppDelegate.swift in Sources */ = {isa = PBXBuildFile; fileRef = FAAAB40925C9A74200854586 /* AppDelegate.swift */; };
		FAAAB40C25C9A74200854586 /* SceneDelegate.swift in Sources */ = {isa = PBXBuildFile; fileRef = FAAAB40B25C9A74200854586 /* SceneDelegate.swift */; };
		FAAAB40E25C9A74200854586 /* ViewController.swift in Sources */ = {isa = PBXBuildFile; fileRef = FAAAB40D25C9A74200854586 /* ViewController.swift */; };
		FAAAB41125C9A74200854586 /* Main.storyboard in Resources */ = {isa = PBXBuildFile; fileRef = FAAAB40F25C9A74200854586 /* Main.storyboard */; };
		FAAAB41325C9A74200854586 /* Assets.xcassets in Resources */ = {isa = PBXBuildFile; fileRef = FAAAB41225C9A74200854586 /* Assets.xcassets */; };
		FAAAB41625C9A74300854586 /* LaunchScreen.storyboard in Resources */ = {isa = PBXBuildFile; fileRef = FAAAB41425C9A74300854586 /* LaunchScreen.storyboard */; };
/* End PBXBuildFile section */

/* Begin PBXFileReference section */
		FA568FFE25CBE847001A6856 /* CalculatorModel.swift */ = {isa = PBXFileReference; lastKnownFileType = sourcecode.swift; path = CalculatorModel.swift; sourceTree = "<group>"; };
		FAAAB40625C9A74200854586 /* CalculatorApp.app */ = {isa = PBXFileReference; explicitFileType = wrapper.application; includeInIndex = 0; path = CalculatorApp.app; sourceTree = BUILT_PRODUCTS_DIR; };
		FAAAB40925C9A74200854586 /* AppDelegate.swift */ = {isa = PBXFileReference; lastKnownFileType = sourcecode.swift; path = AppDelegate.swift; sourceTree = "<group>"; };
		FAAAB40B25C9A74200854586 /* SceneDelegate.swift */ = {isa = PBXFileReference; lastKnownFileType = sourcecode.swift; path = SceneDelegate.swift; sourceTree = "<group>"; };
		FAAAB40D25C9A74200854586 /* ViewController.swift */ = {isa = PBXFileReference; lastKnownFileType = sourcecode.swift; path = ViewController.swift; sourceTree = "<group>"; };
		FAAAB41025C9A74200854586 /* Base */ = {isa = PBXFileReference; lastKnownFileType = file.storyboard; name = Base; path = Base.lproj/Main.storyboard; sourceTree = "<group>"; };
		FAAAB41225C9A74200854586 /* Assets.xcassets */ = {isa = PBXFileReference; lastKnownFileType = folder.assetcatalog; path = Assets.xcassets; sourceTree = "<group>"; };
		FAAAB41525C9A74300854586 /* Base */ = {isa = PBXFileReference; lastKnownFileType = file.storyboard; name = Base; path = Base.lproj/LaunchScreen.storyboard; sourceTree = "<group>"; };
		FAAAB41725C9A74300854586 /* Info.plist */ = {isa = PBXFileReference; lastKnownFileType = text.plist.xml; path = Info.plist; sourceTree = "<group>"; };
/* End PBXFileReference section */

/* Begin PBXFrameworksBuildPhase section */
		FAAAB40325C9A74200854586 /* Frameworks */ = {
			isa = PBXFrameworksBuildPhase;
			buildActionMask = 2147483647;
			files = (
			);
			runOnlyForDeploymentPostprocessing = 0;
		};
/* End PBXFrameworksBuildPhase section */

/* Begin PBXGroup section */
		FAAAB3FD25C9A74200854586 = {
			isa = PBXGroup;
			children = (
				FAAAB40825C9A74200854586 /* CalculatorApp */,
				FAAAB40725C9A74200854586 /* Products */,
			);
			sourceTree = "<group>";
		};
		FAAAB40725C9A74200854586 /* Products */ = {
			isa = PBXGroup;
			children = (
				FAAAB40625C9A74200854586 /* CalculatorApp.app */,
			);
			name = Products;
			sourceTree = "<group>";
		};
		FAAAB40825C9A74200854586 /* CalculatorApp */ = {
			isa = PBXGroup;
			children = (
				FAAAB40925C9A74200854586 /* AppDelegate.swift */,
				FAAAB40B25C9A74200854586 /* SceneDelegate.swift */,
				FA568FFE25CBE847001A6856 /* CalculatorModel.swift */,
				FAAAB40D25C9A74200854586 /* ViewController.swift */,
				FAAAB40F25C9A74200854586 /* Main.storyboard */,
				FAAAB41225C9A74200854586 /* Assets.xcassets */,
				FAAAB41425C9A74300854586 /* LaunchScreen.storyboard */,
				FAAAB41725C9A74300854586 /* Info.plist */,
			);
			path = CalculatorApp;
			sourceTree = "<group>";
		};
/* End PBXGroup section */

/* Begin PBXNativeTarget section */
		FAAAB40525C9A74200854586 /* CalculatorApp */ = {
			isa = PBXNativeTarget;
			buildConfigurationList = FAAAB41A25C9A74300854586 /* Build configuration list for PBXNativeTarget "CalculatorApp" */;
			buildPhases = (
				FAAAB40225C9A74200854586 /* Sources */,
				FAAAB40325C9A74200854586 /* Frameworks */,
				FAAAB40425C9A74200854586 /* Resources */,
			);
			buildRules = (
			);
			dependencies = (
			);
			name = CalculatorApp;
			productName = CalculatorApp;
			productReference = FAAAB40625C9A74200854586 /* CalculatorApp.app */;
			productType = "com.apple.product-type.application";
		};
/* End PBXNativeTarget section */

/* Begin PBXProject section */
		FAAAB3FE25C9A74200854586 /* Project object */ = {
			isa = PBXProject;
			attributes = {
				LastSwiftUpdateCheck = 1230;
				LastUpgradeCheck = 1230;
				TargetAttributes = {
					FAAAB40525C9A74200854586 = {
						CreatedOnToolsVersion = 12.3;
					};
				};
			};
			buildConfigurationList = FAAAB40125C9A74200854586 /* Build configuration list for PBXProject "CalculatorApp" */;
			compatibilityVersion = "Xcode 9.3";
			developmentRegion = en;
			hasScannedForEncodings = 0;
			knownRegions = (
				en,
				Base,
			);
			mainGroup = FAAAB3FD25C9A74200854586;
			productRefGroup = FAAAB40725C9A74200854586 /* Products */;
			projectDirPath = "";
			projectRoot = "";
			targets = (
				FAAAB40525C9A74200854586 /* CalculatorApp */,
			);
		};
/* End PBXProject section */

/* Begin PBXResourcesBuildPhase section */
		FAAAB40425C9A74200854586 /* Resources */ = {
			isa = PBXResourcesBuildPhase;
			buildActionMask = 2147483647;
			files = (
				FAAAB41625C9A74300854586 /* LaunchScreen.storyboard in Resources */,
				FAAAB41325C9A74200854586 /* Assets.xcassets in Resources */,
				FAAAB41125C9A74200854586 /* Main.storyboard in Resources */,
			);
			runOnlyForDeploymentPostprocessing = 0;
		};
/* End PBXResourcesBuildPhase section */

/* Begin PBXSourcesBuildPhase section */
		FAAAB40225C9A74200854586 /* Sources */ = {
			isa = PBXSourcesBuildPhase;
			buildActionMask = 2147483647;
			files = (
				FAAAB40E25C9A74200854586 /* ViewController.swift in Sources */,
				FAAAB40A25C9A74200854586 /* AppDelegate.swift in Sources */,
				FAAAB40C25C9A74200854586 /* SceneDelegate.swift in Sources */,
				FA568FFF25CBE847001A6856 /* CalculatorModel.swift in Sources */,
			);
			runOnlyForDeploymentPostprocessing = 0;
		};
/* End PBXSourcesBuildPhase section */

/* Begin PBXVariantGroup section */
		FAAAB40F25C9A74200854586 /* Main.storyboard */ = {
			isa = PBXVariantGroup;
			children = (
				FAAAB41025C9A74200854586 /* Base */,
			);
			name = Main.storyboard;
			sourceTree = "<group>";
		};
		FAAAB41425C9A74300854586 /* LaunchScreen.storyboard */ = {
			isa = PBXVariantGroup;
			children = (
				FAAAB41525C9A74300854586 /* Base */,
			);
			name = LaunchScreen.storyboard;
			sourceTree = "<group>";
		};
/* End PBXVariantGroup section */

/* Begin XCBuildConfiguration section */
		FAAAB41825C9A74300854586 /* Debug */ = {
			isa = XCBuildConfiguration;
			buildSettings = {
				ALWAYS_SEARCH_USER_PATHS = NO;
				CLANG_ANALYZER_NONNULL = YES;
				CLANG_ANALYZER_NUMBER_OBJECT_CONVERSION = YES_AGGRESSIVE;
				CLANG_CXX_LANGUAGE_STANDARD = "gnu++14";
				CLANG_CXX_LIBRARY = "libc++";
				CLANG_ENABLE_MODULES = YES;
				CLANG_ENABLE_OBJC_ARC = YES;
				CLANG_ENABLE_OBJC_WEAK = YES;
				CLANG_WARN_BLOCK_CAPTURE_AUTORELEASING = YES;
				CLANG_WARN_BOOL_CONVERSION = YES;
				CLANG_WARN_COMMA = YES;
				CLANG_WARN_CONSTANT_CONVERSION = YES;
				CLANG_WARN_DEPRECATED_OBJC_IMPLEMENTATIONS = YES;
				CLANG_WARN_DIRECT_OBJC_ISA_USAGE = YES_ERROR;
				CLANG_WARN_DOCUMENTATION_COMMENTS = YES;
				CLANG_WARN_EMPTY_BODY = YES;
				CLANG_WARN_ENUM_CONVERSION = YES;
				CLANG_WARN_INFINITE_RECURSION = YES;
				CLANG_WARN_INT_CONVERSION = YES;
				CLANG_WARN_NON_LITERAL_NULL_CONVERSION = YES;
				CLANG_WARN_OBJC_IMPLICIT_RETAIN_SELF = YES;
				CLANG_WARN_OBJC_LITERAL_CONVERSION = YES;
				CLANG_WARN_OBJC_ROOT_CLASS = YES_ERROR;
				CLANG_WARN_QUOTED_INCLUDE_IN_FRAMEWORK_HEADER = YES;
				CLANG_WARN_RANGE_LOOP_ANALYSIS = YES;
				CLANG_WARN_STRICT_PROTOTYPES = YES;
				CLANG_WARN_SUSPICIOUS_MOVE = YES;
				CLANG_WARN_UNGUARDED_AVAILABILITY = YES_AGGRESSIVE;
				CLANG_WARN_UNREACHABLE_CODE = YES;
				CLANG_WARN__DUPLICATE_METHOD_MATCH = YES;
				COPY_PHASE_STRIP = NO;
				DEBUG_INFORMATION_FORMAT = dwarf;
				ENABLE_STRICT_OBJC_MSGSEND = YES;
				ENABLE_TESTABILITY = YES;
				GCC_C_LANGUAGE_STANDARD = gnu11;
				GCC_DYNAMIC_NO_PIC = NO;
				GCC_NO_COMMON_BLOCKS = YES;
				GCC_OPTIMIZATION_LEVEL = 0;
				GCC_PREPROCESSOR_DEFINITIONS = (
					"DEBUG=1",
					"$(inherited)",
				);
				GCC_WARN_64_TO_32_BIT_CONVERSION = YES;
				GCC_WARN_ABOUT_RETURN_TYPE = YES_ERROR;
				GCC_WARN_UNDECLARED_SELECTOR = YES;
				GCC_WARN_UNINITIALIZED_AUTOS = YES_AGGRESSIVE;
				GCC_WARN_UNUSED_FUNCTION = YES;
				GCC_WARN_UNUSED_VARIABLE = YES;
				IPHONEOS_DEPLOYMENT_TARGET = 14.3;
				MTL_ENABLE_DEBUG_INFO = INCLUDE_SOURCE;
				MTL_FAST_MATH = YES;
				ONLY_ACTIVE_ARCH = YES;
				SDKROOT = iphoneos;
				SWIFT_ACTIVE_COMPILATION_CONDITIONS = DEBUG;
				SWIFT_OPTIMIZATION_LEVEL = "-Onone";
			};
			name = Debug;
		};
		FAAAB41925C9A74300854586 /* Release */ = {
			isa = XCBuildConfiguration;
			buildSettings = {
				ALWAYS_SEARCH_USER_PATHS = NO;
				CLANG_ANALYZER_NONNULL = YES;
				CLANG_ANALYZER_NUMBER_OBJECT_CONVERSION = YES_AGGRESSIVE;
				CLANG_CXX_LANGUAGE_STANDARD = "gnu++14";
				CLANG_CXX_LIBRARY = "libc++";
				CLANG_ENABLE_MODULES = YES;
				CLANG_ENABLE_OBJC_ARC = YES;
				CLANG_ENABLE_OBJC_WEAK = YES;
				CLANG_WARN_BLOCK_CAPTURE_AUTORELEASING = YES;
				CLANG_WARN_BOOL_CONVERSION = YES;
				CLANG_WARN_COMMA = YES;
				CLANG_WARN_CONSTANT_CONVERSION = YES;
				CLANG_WARN_DEPRECATED_OBJC_IMPLEMENTATIONS = YES;
				CLANG_WARN_DIRECT_OBJC_ISA_USAGE = YES_ERROR;
				CLANG_WARN_DOCUMENTATION_COMMENTS = YES;
				CLANG_WARN_EMPTY_BODY = YES;
				CLANG_WARN_ENUM_CONVERSION = YES;
				CLANG_WARN_INFINITE_RECURSION = YES;
				CLANG_WARN_INT_CONVERSION = YES;
				CLANG_WARN_NON_LITERAL_NULL_CONVERSION = YES;
				CLANG_WARN_OBJC_IMPLICIT_RETAIN_SELF = YES;
				CLANG_WARN_OBJC_LITERAL_CONVERSION = YES;
				CLANG_WARN_OBJC_ROOT_CLASS = YES_ERROR;
				CLANG_WARN_QUOTED_INCLUDE_IN_FRAMEWORK_HEADER = YES;
				CLANG_WARN_RANGE_LOOP_ANALYSIS = YES;
				CLANG_WARN_STRICT_PROTOTYPES = YES;
				CLANG_WARN_SUSPICIOUS_MOVE = YES;
				CLANG_WARN_UNGUARDED_AVAILABILITY = YES_AGGRESSIVE;
				CLANG_WARN_UNREACHABLE_CODE = YES;
				CLANG_WARN__DUPLICATE_METHOD_MATCH = YES;
				COPY_PHASE_STRIP = NO;
				DEBUG_INFORMATION_FORMAT = "dwarf-with-dsym";
				ENABLE_NS_ASSERTIONS = NO;
				ENABLE_STRICT_OBJC_MSGSEND = YES;
				GCC_C_LANGUAGE_STANDARD = gnu11;
				GCC_NO_COMMON_BLOCKS = YES;
				GCC_WARN_64_TO_32_BIT_CONVERSION = YES;
				GCC_WARN_ABOUT_RETURN_TYPE = YES_ERROR;
				GCC_WARN_UNDECLARED_SELECTOR = YES;
				GCC_WARN_UNINITIALIZED_AUTOS = YES_AGGRESSIVE;
				GCC_WARN_UNUSED_FUNCTION = YES;
				GCC_WARN_UNUSED_VARIABLE = YES;
				IPHONEOS_DEPLOYMENT_TARGET = 14.3;
				MTL_ENABLE_DEBUG_INFO = NO;
				MTL_FAST_MATH = YES;
				SDKROOT = iphoneos;
				SWIFT_COMPILATION_MODE = wholemodule;
				SWIFT_OPTIMIZATION_LEVEL = "-O";
				VALIDATE_PRODUCT = YES;
			};
			name = Release;
		};
		FAAAB41B25C9A74300854586 /* Debug */ = {
			isa = XCBuildConfiguration;
			buildSettings = {
				ASSETCATALOG_COMPILER_APPICON_NAME = AppIcon;
				ASSETCATALOG_COMPILER_GLOBAL_ACCENT_COLOR_NAME = AccentColor;
				CODE_SIGN_STYLE = Automatic;
				DEVELOPMENT_TEAM = B3N9W5S87Y;
				INFOPLIST_FILE = CalculatorApp/Info.plist;
				LD_RUNPATH_SEARCH_PATHS = (
					"$(inherited)",
					"@executable_path/Frameworks",
				);
				PRODUCT_BUNDLE_IDENTIFIER = kbtu.fit.kz.CalculatorApp;
				PRODUCT_NAME = "$(TARGET_NAME)";
				SWIFT_VERSION = 5.0;
				TARGETED_DEVICE_FAMILY = "1,2";
			};
			name = Debug;
		};
		FAAAB41C25C9A74300854586 /* Release */ = {
			isa = XCBuildConfiguration;
			buildSettings = {
				ASSETCATALOG_COMPILER_APPICON_NAME = AppIcon;
				ASSETCATALOG_COMPILER_GLOBAL_ACCENT_COLOR_NAME = AccentColor;
				CODE_SIGN_STYLE = Automatic;
				DEVELOPMENT_TEAM = B3N9W5S87Y;
				INFOPLIST_FILE = CalculatorApp/Info.plist;
				LD_RUNPATH_SEARCH_PATHS = (
					"$(inherited)",
					"@executable_path/Frameworks",
				);
				PRODUCT_BUNDLE_IDENTIFIER = kbtu.fit.kz.CalculatorApp;
				PRODUCT_NAME = "$(TARGET_NAME)";
				SWIFT_VERSION = 5.0;
				TARGETED_DEVICE_FAMILY = "1,2";
			};
			name = Release;
		};
/* End XCBuildConfiguration section */

/* Begin XCConfigurationList section */
		FAAAB40125C9A74200854586 /* Build configuration list for PBXProject "CalculatorApp" */ = {
			isa = XCConfigurationList;
			buildConfigurations = (
				FAAAB41825C9A74300854586 /* Debug */,
				FAAAB41925C9A74300854586 /* Release */,
			);
			defaultConfigurationIsVisible = 0;
			defaultConfigurationName = Release;
		};
		FAAAB41A25C9A74300854586 /* Build configuration list for PBXNativeTarget "CalculatorApp" */ = {
			isa = XCConfigurationList;
			buildConfigurations = (
				FAAAB41B25C9A74300854586 /* Debug */,
				FAAAB41C25C9A74300854586 /* Release */,
			);
			defaultConfigurationIsVisible = 0;
			defaultConfigurationName = Release;
		};
/* End XCConfigurationList section */
	};
	rootObject = FAAAB3FE25C9A74200854586 /* Project object */;
}
